{
    "name": "complete-react-case",
    "version": "0.0.0",
    "lockfileVersion": 2,
    "requires": true,
    "packages": {
        "": {
            "name": "complete-react-case",
            "version": "0.0.0",
            "dependencies": {
                "pnpm": "^8.15.2"
            },
            "devDependencies": {
                "wait-on": "7.2.0"
            }
        },
        "node_modules/@hapi/hoek": {
            "version": "9.3.0",
            "dev": true,
            "license": "BSD-3-Clause"
        },
        "node_modules/@hapi/topo": {
            "version": "5.1.0",
            "dev": true,
            "license": "BSD-3-Clause",
            "dependencies": {
                "@hapi/hoek": "^9.0.0"
            }
        },
        "node_modules/@sideway/address": {
            "version": "4.1.5",
            "dev": true,
            "license": "BSD-3-Clause",
            "dependencies": {
                "@hapi/hoek": "^9.0.0"
            }
        },
        "node_modules/@sideway/formula": {
            "version": "3.0.1",
            "dev": true,
            "license": "BSD-3-Clause"
        },
        "node_modules/@sideway/pinpoint": {
            "version": "2.0.0",
            "dev": true,
            "license": "BSD-3-Clause"
        },
        "node_modules/asynckit": {
            "version": "0.4.0",
            "dev": true,
            "license": "MIT"
        },
        "node_modules/axios": {
            "version": "1.6.7",
            "dev": true,
            "license": "MIT",
            "dependencies": {
                "follow-redirects": "^1.15.4",
                "form-data": "^4.0.0",
                "proxy-from-env": "^1.1.0"
            }
        },
        "node_modules/combined-stream": {
            "version": "1.0.8",
            "dev": true,
            "license": "MIT",
            "dependencies": {
                "delayed-stream": "~1.0.0"
            },
            "engines": {
                "node": ">= 0.8"
            }
        },
        "node_modules/delayed-stream": {
            "version": "1.0.0",
            "dev": true,
            "license": "MIT",
            "engines": {
                "node": ">=0.4.0"
            }
        },
        "node_modules/follow-redirects": {
            "version": "1.15.5",
            "dev": true,
            "funding": [
                {
                    "type": "individual",
                    "url": "https://github.com/sponsors/RubenVerborgh"
                }
            ],
            "license": "MIT",
            "engines": {
                "node": ">=4.0"
            },
            "peerDependenciesMeta": {
                "debug": {
                    "optional": true
                }
            }
        },
        "node_modules/form-data": {
            "version": "4.0.0",
            "dev": true,
            "license": "MIT",
            "dependencies": {
                "asynckit": "^0.4.0",
                "combined-stream": "^1.0.8",
                "mime-types": "^2.1.12"
            },
            "engines": {
                "node": ">= 6"
            }
        },
        "node_modules/joi": {
            "version": "17.12.1",
            "dev": true,
            "license": "BSD-3-Clause",
            "dependencies": {
                "@hapi/hoek": "^9.3.0",
                "@hapi/topo": "^5.1.0",
                "@sideway/address": "^4.1.5",
                "@sideway/formula": "^3.0.1",
                "@sideway/pinpoint": "^2.0.0"
            }
        },
        "node_modules/lodash": {
            "version": "4.17.21",
            "dev": true,
            "license": "MIT"
        },
        "node_modules/mime-db": {
            "version": "1.52.0",
            "dev": true,
            "license": "MIT",
            "engines": {
                "node": ">= 0.6"
            }
        },
        "node_modules/mime-types": {
            "version": "2.1.35",
            "dev": true,
            "license": "MIT",
            "dependencies": {
                "mime-db": "1.52.0"
            },
            "engines": {
                "node": ">= 0.6"
            }
        },
        "node_modules/minimist": {
            "version": "1.2.8",
            "dev": true,
            "license": "MIT",
            "funding": {
                "url": "https://github.com/sponsors/ljharb"
            }
        },
        "node_modules/pnpm": {
            "version": "8.15.2",
            "resolved": "https://registry.npmjs.org/pnpm/-/pnpm-8.15.2.tgz",
            "integrity": "sha512-CtSEkTkCu/5zmI7z2NHFEK6wxlSDur3EBYnBpmNc+GA5vDY5veOdFKPMngJx5/rRx/qJHEfKfH8esGv/3MOTnw==",
            "bin": {
                "pnpm": "bin/pnpm.cjs",
                "pnpx": "bin/pnpx.cjs"
            },
            "engines": {
                "node": ">=16.14"
            },
            "funding": {
                "url": "https://opencollective.com/pnpm"
            }
        },
        "node_modules/proxy-from-env": {
            "version": "1.1.0",
            "dev": true,
            "license": "MIT"
        },
        "node_modules/rxjs": {
            "version": "7.8.1",
            "dev": true,
            "license": "Apache-2.0",
            "dependencies": {
                "tslib": "^2.1.0"
            }
        },
        "node_modules/tslib": {
            "version": "2.6.2",
            "dev": true,
            "license": "0BSD"
        },
        "node_modules/wait-on": {
            "version": "7.2.0",
            "dev": true,
            "license": "MIT",
            "dependencies": {
                "axios": "^1.6.1",
                "joi": "^17.11.0",
                "lodash": "^4.17.21",
                "minimist": "^1.2.8",
                "rxjs": "^7.8.1"
            },
            "bin": {
                "wait-on": "bin/wait-on"
            },
            "engines": {
                "node": ">=12.0.0"
            }
        }
    },
    "dependencies": {
        "@hapi/hoek": {
            "version": "9.3.0",
            "dev": true
        },
        "@hapi/topo": {
            "version": "5.1.0",
            "dev": true,
            "requires": {
                "@hapi/hoek": "^9.0.0"
            }
        },
        "@sideway/address": {
            "version": "4.1.5",
            "dev": true,
            "requires": {
                "@hapi/hoek": "^9.0.0"
            }
        },
        "@sideway/formula": {
            "version": "3.0.1",
            "dev": true
        },
        "@sideway/pinpoint": {
            "version": "2.0.0",
            "dev": true
        },
        "asynckit": {
            "version": "0.4.0",
            "dev": true
        },
        "axios": {
            "version": "1.6.7",
            "dev": true,
            "requires": {
                "follow-redirects": "^1.15.4",
                "form-data": "^4.0.0",
                "proxy-from-env": "^1.1.0"
            }
        },
        "combined-stream": {
            "version": "1.0.8",
            "dev": true,
            "requires": {
                "delayed-stream": "~1.0.0"
            }
        },
        "delayed-stream": {
            "version": "1.0.0",
            "dev": true
        },
        "follow-redirects": {
            "version": "1.15.5",
            "dev": true
        },
        "form-data": {
            "version": "4.0.0",
            "dev": true,
            "requires": {
                "asynckit": "^0.4.0",
                "combined-stream": "^1.0.8",
                "mime-types": "^2.1.12"
            }
        },
        "joi": {
            "version": "17.12.1",
            "dev": true,
            "requires": {
                "@hapi/hoek": "^9.3.0",
                "@hapi/topo": "^5.1.0",
                "@sideway/address": "^4.1.5",
                "@sideway/formula": "^3.0.1",
                "@sideway/pinpoint": "^2.0.0"
            }
        },
        "lodash": {
            "version": "4.17.21",
            "dev": true
        },
        "mime-db": {
            "version": "1.52.0",
            "dev": true
        },
        "mime-types": {
            "version": "2.1.35",
            "dev": true,
            "requires": {
                "mime-db": "1.52.0"
            }
        },
        "minimist": {
            "version": "1.2.8",
            "dev": true
        },
        "pnpm": {
            "version": "8.15.2",
            "resolved": "https://registry.npmjs.org/pnpm/-/pnpm-8.15.2.tgz",
            "integrity": "sha512-CtSEkTkCu/5zmI7z2NHFEK6wxlSDur3EBYnBpmNc+GA5vDY5veOdFKPMngJx5/rRx/qJHEfKfH8esGv/3MOTnw=="
        },
        "proxy-from-env": {
            "version": "1.1.0",
            "dev": true
        },
        "rxjs": {
            "version": "7.8.1",
            "dev": true,
            "requires": {
                "tslib": "^2.1.0"
            }
        },
        "tslib": {
            "version": "2.6.2",
            "dev": true
        },
        "wait-on": {
            "version": "7.2.0",
            "dev": true,
            "requires": {
                "axios": "^1.6.1",
                "joi": "^17.11.0",
                "lodash": "^4.17.21",
                "minimist": "^1.2.8",
                "rxjs": "^7.8.1"
            }
        }
    }
}
